
Microsoft Visual Studio Solution File, Format Version 12.00
# Visual Studio Version 17
VisualStudioVersion = 17.14.36414.22
MinimumVisualStudioVersion = 10.0.40219.1
Project("{FAE04EC0-301F-11D3-BF4B-00C04F79EFBC}") = "Demo", "pt1\Demo\Demo.csproj", "{05689A98-0C3F-46B5-B572-3B1C420E9881}"
EndProject
Project("{2150E333-8FDC-42A3-9474-1A3956D46DE8}") = "pt1", "pt1", "{02EA681E-C7D8-13C7-8484-4AC65E1B71E8}"
EndProject
Project("{2150E333-8FDC-42A3-9474-1A3956D46DE8}") = "Sample1", "Sample1", "{34E670B1-6E86-439E-A01D-C043F8D0D9F3}"
	ProjectSection(SolutionItems) = preProject
		pt1\Sample1\pt1.sample1.sh = pt1\Sample1\pt1.sample1.sh
	EndProjectSection
EndProject
Project("{2150E333-8FDC-42A3-9474-1A3956D46DE8}") = "Sample2", "Sample2", "{416DCC65-0A42-4BC7-862A-1D97F09CD196}"
	ProjectSection(SolutionItems) = preProject
		pt1\Sample2\pt1.sample2.sh = pt1\Sample2\pt1.sample2.sh
	EndProjectSection
EndProject
Project("{FAE04EC0-301F-11D3-BF4B-00C04F79EFBC}") = "Client", "pt1\Sample1\Client\Client.csproj", "{8E1FF29D-BBED-B640-DE36-11122EDAA22A}"
EndProject
Project("{FAE04EC0-301F-11D3-BF4B-00C04F79EFBC}") = "Server", "pt1\Sample1\Server\Server.csproj", "{1598A901-5BE7-A8EA-559E-55F59AF2200D}"
EndProject
Project("{FAE04EC0-301F-11D3-BF4B-00C04F79EFBC}") = "Client", "pt1\Sample2\Client\Client.csproj", "{BD59CF64-93F8-4087-8B43-C0E0C90AAD50}"
EndProject
Project("{FAE04EC0-301F-11D3-BF4B-00C04F79EFBC}") = "Server", "pt1\Sample2\Server\Server.csproj", "{50ACC3D3-E6E2-483D-885C-129180014988}"
EndProject
Project("{FAE04EC0-301F-11D3-BF4B-00C04F79EFBC}") = "Server2", "pt1\Sample2\Server2\Server2.csproj", "{F27398BB-0F1F-4B93-BF77-B832F6CD9429}"
EndProject
Project("{2150E333-8FDC-42A3-9474-1A3956D46DE8}") = "Sample3", "Sample3", "{7DDB64EB-6257-4758-9416-FF98EC4F77A0}"
	ProjectSection(SolutionItems) = preProject
		pt1\Sample3\pt1.sample3.sh = pt1\Sample3\pt1.sample3.sh
	EndProjectSection
EndProject
Project("{FAE04EC0-301F-11D3-BF4B-00C04F79EFBC}") = "Client", "pt1\Sample3\Client\Client.csproj", "{1E7DEC95-0B83-418E-85FE-0252FD449CD0}"
EndProject
Project("{FAE04EC0-301F-11D3-BF4B-00C04F79EFBC}") = "Server", "pt1\Sample3\Server\Server.csproj", "{AFD33B38-9F9F-4CF1-A902-6C1048CAA540}"
EndProject
Project("{FAE04EC0-301F-11D3-BF4B-00C04F79EFBC}") = "Server2", "pt1\Sample3\Server2\Server2.csproj", "{6C3E9AEF-20ED-68DA-207E-6631FE44A3ED}"
EndProject
Project("{2150E333-8FDC-42A3-9474-1A3956D46DE8}") = "Sample4", "Sample4", "{8336F13F-F5BB-4077-A1A8-51E2FB8A8C0B}"
	ProjectSection(SolutionItems) = preProject
		pt1\Sample4\pt1.sample4.sh = pt1\Sample4\pt1.sample4.sh
	EndProjectSection
EndProject
Project("{FAE04EC0-301F-11D3-BF4B-00C04F79EFBC}") = "Client", "pt1\Sample4\Client\Client.csproj", "{1C1503CC-8203-42D3-8DCA-710F29565AF2}"
EndProject
Project("{FAE04EC0-301F-11D3-BF4B-00C04F79EFBC}") = "Server", "pt1\Sample4\Server\Server.csproj", "{24C0BEB3-A11F-4D6A-B49D-469B0EF42262}"
EndProject
Project("{2150E333-8FDC-42A3-9474-1A3956D46DE8}") = "Sample5", "Sample5", "{FB2C2A56-D4A5-43C4-BFD8-2BDE5BFA7E05}"
	ProjectSection(SolutionItems) = preProject
		pt1\Sample5\pt1.sample5.sh = pt1\Sample5\pt1.sample5.sh
	EndProjectSection
EndProject
Project("{FAE04EC0-301F-11D3-BF4B-00C04F79EFBC}") = "Client", "pt1\Sample5\Client\Client.csproj", "{DA0AC902-79B8-4F3A-95FB-EAE538E777BB}"
EndProject
Project("{FAE04EC0-301F-11D3-BF4B-00C04F79EFBC}") = "Server", "pt1\Sample5\Server\Server.csproj", "{6793D320-1573-4A76-9F87-050DFAA3C2E3}"
EndProject
Project("{FAE04EC0-301F-11D3-BF4B-00C04F79EFBC}") = "Server2", "pt1\Sample5\Server2\Server2.csproj", "{9144A02F-6D1B-93D5-5574-E812BD38F329}"
EndProject
Project("{2150E333-8FDC-42A3-9474-1A3956D46DE8}") = "Sample6", "Sample6", "{C0F6F6D7-78A4-488D-8D55-B96532339D57}"
	ProjectSection(SolutionItems) = preProject
		pt1\Sample6\pt1.sample6.sh = pt1\Sample6\pt1.sample6.sh
	EndProjectSection
EndProject
Project("{FAE04EC0-301F-11D3-BF4B-00C04F79EFBC}") = "WinClient", "pt1\Sample6\WinClient\WinClient.csproj", "{0989729B-32FB-40F3-BA9F-3B70460158B7}"
EndProject
Project("{FAE04EC0-301F-11D3-BF4B-00C04F79EFBC}") = "Server", "pt1\Sample6\Server\Server.csproj", "{136ADCD3-EE7F-4997-96D0-2D4FDF477143}"
EndProject
Project("{FAE04EC0-301F-11D3-BF4B-00C04F79EFBC}") = "Server2", "pt1\Sample6\Server2\Server2.csproj", "{B2617BF5-1652-E14F-45F2-9216489AC577}"
EndProject
Project("{FAE04EC0-301F-11D3-BF4B-00C04F79EFBC}") = "Server3", "pt1\Sample6\Server3\Server3.csproj", "{48CCE1B5-B0B0-C95D-09C0-BC2549BCEAC4}"
EndProject
Project("{2150E333-8FDC-42A3-9474-1A3956D46DE8}") = "Sample7", "Sample7", "{2FF20B2C-E8F8-4DE9-A151-64FEFA1B58AF}"
	ProjectSection(SolutionItems) = preProject
		pt1\Sample7\pt1.sample7.sh = pt1\Sample7\pt1.sample7.sh
	EndProjectSection
EndProject
Project("{FAE04EC0-301F-11D3-BF4B-00C04F79EFBC}") = "WinClient", "pt1\Sample7\WinClient\WinClient.csproj", "{C844DDC1-63B4-4F84-83F9-CE149E47F959}"
EndProject
Project("{FAE04EC0-301F-11D3-BF4B-00C04F79EFBC}") = "Server", "pt1\Sample7\Server\Server.csproj", "{FF331635-4BED-461D-AD1F-D9218EE7F0BC}"
EndProject
Project("{FAE04EC0-301F-11D3-BF4B-00C04F79EFBC}") = "Server2", "pt1\Sample7\Server2\Server2.csproj", "{068D22BD-1ED7-A171-35D8-43B5521A6861}"
EndProject
Project("{FAE04EC0-301F-11D3-BF4B-00C04F79EFBC}") = "Server3", "pt1\Sample7\Server3\Server3.csproj", "{BF066A5B-7BF9-02E3-3E78-5763803E4226}"
EndProject
Project("{FAE04EC0-301F-11D3-BF4B-00C04F79EFBC}") = "Server4", "pt1\Sample7\Server4\Server4.csproj", "{A522D4D8-EE90-3A04-EE30-AB47D657A0EE}"
EndProject
Project("{2150E333-8FDC-42A3-9474-1A3956D46DE8}") = "Sample8", "Sample8", "{88F88565-C39B-4362-81E1-497FF585AF7D}"
	ProjectSection(SolutionItems) = preProject
		pt1\Sample8\pt1.sample8.sh = pt1\Sample8\pt1.sample8.sh
	EndProjectSection
EndProject
Project("{FAE04EC0-301F-11D3-BF4B-00C04F79EFBC}") = "Client", "pt1\Sample8\Client\Client.csproj", "{867F8995-B9E0-4371-A0C7-9230D181D5E1}"
EndProject
Project("{FAE04EC0-301F-11D3-BF4B-00C04F79EFBC}") = "Server", "pt1\Sample8\Server\Server.csproj", "{E9BC247A-5FBC-447F-86CB-15435ECA8F23}"
EndProject
Project("{FAE04EC0-301F-11D3-BF4B-00C04F79EFBC}") = "Server2", "pt1\Sample8\Server2\Server2.csproj", "{868AF947-977F-6E50-AE2C-483C798EBA8B}"
EndProject
Project("{FAE04EC0-301F-11D3-BF4B-00C04F79EFBC}") = "Server3", "pt1\Sample8\Server3\Server3.csproj", "{33A73DB0-0DAF-C759-00D9-FA88D27F2CFA}"
EndProject
Project("{2150E333-8FDC-42A3-9474-1A3956D46DE8}") = "pt2", "pt2", "{F218A9AA-9738-4754-A567-DA8A7261D2C4}"
EndProject
Project("{2150E333-8FDC-42A3-9474-1A3956D46DE8}") = "Sample1", "Sample1", "{633838EA-071D-48A8-AA25-FCB6D7EB824F}"
	ProjectSection(SolutionItems) = preProject
		pt2\Sample1\p2.sample1.sh = pt2\Sample1\p2.sample1.sh
	EndProjectSection
EndProject
Project("{FAE04EC0-301F-11D3-BF4B-00C04F79EFBC}") = "Client", "pt2\Sample1\Client\Client.csproj", "{34CD232B-37EB-4291-BB63-2C73DAD78A1A}"
EndProject
Project("{FAE04EC0-301F-11D3-BF4B-00C04F79EFBC}") = "Server", "pt2\Sample1\Server\Server.csproj", "{4E124590-9FBD-45B1-8A48-EA326319E0B1}"
EndProject
Project("{2150E333-8FDC-42A3-9474-1A3956D46DE8}") = "Sample2", "Sample2", "{57AFB3DE-24A4-49AC-9BCF-ADA5D5E21E6E}"
	ProjectSection(SolutionItems) = preProject
		pt2\Sample2\p2.sample2.sh = pt2\Sample2\p2.sample2.sh
	EndProjectSection
EndProject
Project("{FAE04EC0-301F-11D3-BF4B-00C04F79EFBC}") = "Client", "pt2\Sample2\Client\Client.csproj", "{DCA29551-678A-4150-8572-03B2443DBB14}"
EndProject
Project("{FAE04EC0-301F-11D3-BF4B-00C04F79EFBC}") = "Server", "pt2\Sample2\Server\Server.csproj", "{80D7C140-10CA-417D-BAB7-556391AA805A}"
EndProject
Project("{2150E333-8FDC-42A3-9474-1A3956D46DE8}") = "Sample3", "Sample3", "{4085C0E8-A364-4C3A-A037-AC6FA473EECB}"
	ProjectSection(SolutionItems) = preProject
		pt2\Sample3\p2.sample3.sh = pt2\Sample3\p2.sample3.sh
	EndProjectSection
EndProject
Project("{FAE04EC0-301F-11D3-BF4B-00C04F79EFBC}") = "ClientUI", "pt2\Sample3\ClientUI\ClientUI.csproj", "{E61E8BEF-563D-4978-A30F-BE1CBB531ED9}"
EndProject
Project("{FAE04EC0-301F-11D3-BF4B-00C04F79EFBC}") = "Server", "pt2\Sample3\Server\Server.csproj", "{79F11DE4-05C3-470F-BF99-A8EE6C35F29C}"
EndProject
Project("{2150E333-8FDC-42A3-9474-1A3956D46DE8}") = "Sample4", "Sample4", "{CDA03315-D35E-458B-ACBA-C398ACFDBA54}"
	ProjectSection(SolutionItems) = preProject
		pt2\Sample4\p2.sample4.sh = pt2\Sample4\p2.sample4.sh
	EndProjectSection
EndProject
Project("{FAE04EC0-301F-11D3-BF4B-00C04F79EFBC}") = "ClientUI", "pt2\Sample4\ClientUI\ClientUI.csproj", "{887CED8F-0242-4BB0-ABCE-855DC1DDB703}"
EndProject
Project("{FAE04EC0-301F-11D3-BF4B-00C04F79EFBC}") = "Server", "pt2\Sample4\Server\Server.csproj", "{F66187B6-E3A5-4FD5-B35E-41B1FF00E690}"
EndProject
Project("{2150E333-8FDC-42A3-9474-1A3956D46DE8}") = "Sample5", "Sample5", "{2B4CDCEA-E114-4BCD-B892-A1C11A56D3D5}"
	ProjectSection(SolutionItems) = preProject
		pt2\Sample5\p2.sample5.sh = pt2\Sample5\p2.sample5.sh
	EndProjectSection
EndProject
Project("{FAE04EC0-301F-11D3-BF4B-00C04F79EFBC}") = "ClientUI", "pt2\Sample5\ClientUI\ClientUI.csproj", "{BCC18E96-FF01-4D34-B60B-98E13203319F}"
EndProject
Project("{FAE04EC0-301F-11D3-BF4B-00C04F79EFBC}") = "Server", "pt2\Sample5\Server\Server.csproj", "{F5DCF34F-58AC-460F-A9C5-AB6EAE921133}"
EndProject
Project("{FAE04EC0-301F-11D3-BF4B-00C04F79EFBC}") = "DeadLetterQueueProcessor", "pt2\Sample5\DeadLetterQueueProcessor\DeadLetterQueueProcessor.csproj", "{91DD1231-3534-4F13-A166-EDE13EF41308}"
EndProject
Project("{2150E333-8FDC-42A3-9474-1A3956D46DE8}") = "Sample6", "Sample6", "{BD35D39D-3556-48B1-B7E9-721D266C9FFE}"
	ProjectSection(SolutionItems) = preProject
		pt2\Sample6\p2.sample6.sh = pt2\Sample6\p2.sample6.sh
	EndProjectSection
EndProject
Project("{FAE04EC0-301F-11D3-BF4B-00C04F79EFBC}") = "WinClient", "pt2\Sample6\WinClient\WinClient.csproj", "{07F26551-0896-4060-9A97-D769CCEE5086}"
EndProject
Project("{2150E333-8FDC-42A3-9474-1A3956D46DE8}") = "Sample7", "Sample7", "{62238631-13FA-4F8E-A441-245B9488B3B2}"
	ProjectSection(SolutionItems) = preProject
		pt2\Sample7\p2.sample7.sh = pt2\Sample7\p2.sample7.sh
	EndProjectSection
EndProject
Project("{FAE04EC0-301F-11D3-BF4B-00C04F79EFBC}") = "WinClient", "pt2\Sample7\WinClient\WinClient.csproj", "{C438EA28-6D50-4372-B96B-A08C4C769AA7}"
EndProject
Global
	GlobalSection(SolutionConfigurationPlatforms) = preSolution
		Debug|Any CPU = Debug|Any CPU
		Release|Any CPU = Release|Any CPU
	EndGlobalSection
	GlobalSection(ProjectConfigurationPlatforms) = postSolution
		{05689A98-0C3F-46B5-B572-3B1C420E9881}.Debug|Any CPU.ActiveCfg = Debug|Any CPU
		{05689A98-0C3F-46B5-B572-3B1C420E9881}.Debug|Any CPU.Build.0 = Debug|Any CPU
		{05689A98-0C3F-46B5-B572-3B1C420E9881}.Release|Any CPU.ActiveCfg = Release|Any CPU
		{05689A98-0C3F-46B5-B572-3B1C420E9881}.Release|Any CPU.Build.0 = Release|Any CPU
		{8E1FF29D-BBED-B640-DE36-11122EDAA22A}.Debug|Any CPU.ActiveCfg = Debug|Any CPU
		{8E1FF29D-BBED-B640-DE36-11122EDAA22A}.Debug|Any CPU.Build.0 = Debug|Any CPU
		{8E1FF29D-BBED-B640-DE36-11122EDAA22A}.Release|Any CPU.ActiveCfg = Release|Any CPU
		{8E1FF29D-BBED-B640-DE36-11122EDAA22A}.Release|Any CPU.Build.0 = Release|Any CPU
		{1598A901-5BE7-A8EA-559E-55F59AF2200D}.Debug|Any CPU.ActiveCfg = Debug|Any CPU
		{1598A901-5BE7-A8EA-559E-55F59AF2200D}.Debug|Any CPU.Build.0 = Debug|Any CPU
		{1598A901-5BE7-A8EA-559E-55F59AF2200D}.Release|Any CPU.ActiveCfg = Release|Any CPU
		{1598A901-5BE7-A8EA-559E-55F59AF2200D}.Release|Any CPU.Build.0 = Release|Any CPU
		{BD59CF64-93F8-4087-8B43-C0E0C90AAD50}.Debug|Any CPU.ActiveCfg = Debug|Any CPU
		{BD59CF64-93F8-4087-8B43-C0E0C90AAD50}.Debug|Any CPU.Build.0 = Debug|Any CPU
		{BD59CF64-93F8-4087-8B43-C0E0C90AAD50}.Release|Any CPU.ActiveCfg = Release|Any CPU
		{BD59CF64-93F8-4087-8B43-C0E0C90AAD50}.Release|Any CPU.Build.0 = Release|Any CPU
		{50ACC3D3-E6E2-483D-885C-129180014988}.Debug|Any CPU.ActiveCfg = Debug|Any CPU
		{50ACC3D3-E6E2-483D-885C-129180014988}.Debug|Any CPU.Build.0 = Debug|Any CPU
		{50ACC3D3-E6E2-483D-885C-129180014988}.Release|Any CPU.ActiveCfg = Release|Any CPU
		{50ACC3D3-E6E2-483D-885C-129180014988}.Release|Any CPU.Build.0 = Release|Any CPU
		{F27398BB-0F1F-4B93-BF77-B832F6CD9429}.Debug|Any CPU.ActiveCfg = Debug|Any CPU
		{F27398BB-0F1F-4B93-BF77-B832F6CD9429}.Debug|Any CPU.Build.0 = Debug|Any CPU
		{F27398BB-0F1F-4B93-BF77-B832F6CD9429}.Release|Any CPU.ActiveCfg = Release|Any CPU
		{F27398BB-0F1F-4B93-BF77-B832F6CD9429}.Release|Any CPU.Build.0 = Release|Any CPU
		{1E7DEC95-0B83-418E-85FE-0252FD449CD0}.Debug|Any CPU.ActiveCfg = Debug|Any CPU
		{1E7DEC95-0B83-418E-85FE-0252FD449CD0}.Debug|Any CPU.Build.0 = Debug|Any CPU
		{1E7DEC95-0B83-418E-85FE-0252FD449CD0}.Release|Any CPU.ActiveCfg = Release|Any CPU
		{1E7DEC95-0B83-418E-85FE-0252FD449CD0}.Release|Any CPU.Build.0 = Release|Any CPU
		{AFD33B38-9F9F-4CF1-A902-6C1048CAA540}.Debug|Any CPU.ActiveCfg = Debug|Any CPU
		{AFD33B38-9F9F-4CF1-A902-6C1048CAA540}.Debug|Any CPU.Build.0 = Debug|Any CPU
		{AFD33B38-9F9F-4CF1-A902-6C1048CAA540}.Release|Any CPU.ActiveCfg = Release|Any CPU
		{AFD33B38-9F9F-4CF1-A902-6C1048CAA540}.Release|Any CPU.Build.0 = Release|Any CPU
		{6C3E9AEF-20ED-68DA-207E-6631FE44A3ED}.Debug|Any CPU.ActiveCfg = Debug|Any CPU
		{6C3E9AEF-20ED-68DA-207E-6631FE44A3ED}.Debug|Any CPU.Build.0 = Debug|Any CPU
		{6C3E9AEF-20ED-68DA-207E-6631FE44A3ED}.Release|Any CPU.ActiveCfg = Release|Any CPU
		{6C3E9AEF-20ED-68DA-207E-6631FE44A3ED}.Release|Any CPU.Build.0 = Release|Any CPU
		{1C1503CC-8203-42D3-8DCA-710F29565AF2}.Debug|Any CPU.ActiveCfg = Debug|Any CPU
		{1C1503CC-8203-42D3-8DCA-710F29565AF2}.Debug|Any CPU.Build.0 = Debug|Any CPU
		{1C1503CC-8203-42D3-8DCA-710F29565AF2}.Release|Any CPU.ActiveCfg = Release|Any CPU
		{1C1503CC-8203-42D3-8DCA-710F29565AF2}.Release|Any CPU.Build.0 = Release|Any CPU
		{24C0BEB3-A11F-4D6A-B49D-469B0EF42262}.Debug|Any CPU.ActiveCfg = Debug|Any CPU
		{24C0BEB3-A11F-4D6A-B49D-469B0EF42262}.Debug|Any CPU.Build.0 = Debug|Any CPU
		{24C0BEB3-A11F-4D6A-B49D-469B0EF42262}.Release|Any CPU.ActiveCfg = Release|Any CPU
		{24C0BEB3-A11F-4D6A-B49D-469B0EF42262}.Release|Any CPU.Build.0 = Release|Any CPU
		{DA0AC902-79B8-4F3A-95FB-EAE538E777BB}.Debug|Any CPU.ActiveCfg = Debug|Any CPU
		{DA0AC902-79B8-4F3A-95FB-EAE538E777BB}.Debug|Any CPU.Build.0 = Debug|Any CPU
		{DA0AC902-79B8-4F3A-95FB-EAE538E777BB}.Release|Any CPU.ActiveCfg = Release|Any CPU
		{DA0AC902-79B8-4F3A-95FB-EAE538E777BB}.Release|Any CPU.Build.0 = Release|Any CPU
		{6793D320-1573-4A76-9F87-050DFAA3C2E3}.Debug|Any CPU.ActiveCfg = Debug|Any CPU
		{6793D320-1573-4A76-9F87-050DFAA3C2E3}.Debug|Any CPU.Build.0 = Debug|Any CPU
		{6793D320-1573-4A76-9F87-050DFAA3C2E3}.Release|Any CPU.ActiveCfg = Release|Any CPU
		{6793D320-1573-4A76-9F87-050DFAA3C2E3}.Release|Any CPU.Build.0 = Release|Any CPU
		{9144A02F-6D1B-93D5-5574-E812BD38F329}.Debug|Any CPU.ActiveCfg = Debug|Any CPU
		{9144A02F-6D1B-93D5-5574-E812BD38F329}.Debug|Any CPU.Build.0 = Debug|Any CPU
		{9144A02F-6D1B-93D5-5574-E812BD38F329}.Release|Any CPU.ActiveCfg = Release|Any CPU
		{9144A02F-6D1B-93D5-5574-E812BD38F329}.Release|Any CPU.Build.0 = Release|Any CPU
		{0989729B-32FB-40F3-BA9F-3B70460158B7}.Debug|Any CPU.ActiveCfg = Debug|Any CPU
		{0989729B-32FB-40F3-BA9F-3B70460158B7}.Debug|Any CPU.Build.0 = Debug|Any CPU
		{0989729B-32FB-40F3-BA9F-3B70460158B7}.Release|Any CPU.ActiveCfg = Release|Any CPU
		{0989729B-32FB-40F3-BA9F-3B70460158B7}.Release|Any CPU.Build.0 = Release|Any CPU
		{136ADCD3-EE7F-4997-96D0-2D4FDF477143}.Debug|Any CPU.ActiveCfg = Debug|Any CPU
		{136ADCD3-EE7F-4997-96D0-2D4FDF477143}.Debug|Any CPU.Build.0 = Debug|Any CPU
		{136ADCD3-EE7F-4997-96D0-2D4FDF477143}.Release|Any CPU.ActiveCfg = Release|Any CPU
		{136ADCD3-EE7F-4997-96D0-2D4FDF477143}.Release|Any CPU.Build.0 = Release|Any CPU
		{B2617BF5-1652-E14F-45F2-9216489AC577}.Debug|Any CPU.ActiveCfg = Debug|Any CPU
		{B2617BF5-1652-E14F-45F2-9216489AC577}.Debug|Any CPU.Build.0 = Debug|Any CPU
		{B2617BF5-1652-E14F-45F2-9216489AC577}.Release|Any CPU.ActiveCfg = Release|Any CPU
		{B2617BF5-1652-E14F-45F2-9216489AC577}.Release|Any CPU.Build.0 = Release|Any CPU
		{48CCE1B5-B0B0-C95D-09C0-BC2549BCEAC4}.Debug|Any CPU.ActiveCfg = Debug|Any CPU
		{48CCE1B5-B0B0-C95D-09C0-BC2549BCEAC4}.Debug|Any CPU.Build.0 = Debug|Any CPU
		{48CCE1B5-B0B0-C95D-09C0-BC2549BCEAC4}.Release|Any CPU.ActiveCfg = Release|Any CPU
		{48CCE1B5-B0B0-C95D-09C0-BC2549BCEAC4}.Release|Any CPU.Build.0 = Release|Any CPU
		{C844DDC1-63B4-4F84-83F9-CE149E47F959}.Debug|Any CPU.ActiveCfg = Debug|Any CPU
		{C844DDC1-63B4-4F84-83F9-CE149E47F959}.Debug|Any CPU.Build.0 = Debug|Any CPU
		{C844DDC1-63B4-4F84-83F9-CE149E47F959}.Release|Any CPU.ActiveCfg = Release|Any CPU
		{C844DDC1-63B4-4F84-83F9-CE149E47F959}.Release|Any CPU.Build.0 = Release|Any CPU
		{FF331635-4BED-461D-AD1F-D9218EE7F0BC}.Debug|Any CPU.ActiveCfg = Debug|Any CPU
		{FF331635-4BED-461D-AD1F-D9218EE7F0BC}.Debug|Any CPU.Build.0 = Debug|Any CPU
		{FF331635-4BED-461D-AD1F-D9218EE7F0BC}.Release|Any CPU.ActiveCfg = Release|Any CPU
		{FF331635-4BED-461D-AD1F-D9218EE7F0BC}.Release|Any CPU.Build.0 = Release|Any CPU
		{068D22BD-1ED7-A171-35D8-43B5521A6861}.Debug|Any CPU.ActiveCfg = Debug|Any CPU
		{068D22BD-1ED7-A171-35D8-43B5521A6861}.Debug|Any CPU.Build.0 = Debug|Any CPU
		{068D22BD-1ED7-A171-35D8-43B5521A6861}.Release|Any CPU.ActiveCfg = Release|Any CPU
		{068D22BD-1ED7-A171-35D8-43B5521A6861}.Release|Any CPU.Build.0 = Release|Any CPU
		{BF066A5B-7BF9-02E3-3E78-5763803E4226}.Debug|Any CPU.ActiveCfg = Debug|Any CPU
		{BF066A5B-7BF9-02E3-3E78-5763803E4226}.Debug|Any CPU.Build.0 = Debug|Any CPU
		{BF066A5B-7BF9-02E3-3E78-5763803E4226}.Release|Any CPU.ActiveCfg = Release|Any CPU
		{BF066A5B-7BF9-02E3-3E78-5763803E4226}.Release|Any CPU.Build.0 = Release|Any CPU
		{A522D4D8-EE90-3A04-EE30-AB47D657A0EE}.Debug|Any CPU.ActiveCfg = Debug|Any CPU
		{A522D4D8-EE90-3A04-EE30-AB47D657A0EE}.Debug|Any CPU.Build.0 = Debug|Any CPU
		{A522D4D8-EE90-3A04-EE30-AB47D657A0EE}.Release|Any CPU.ActiveCfg = Release|Any CPU
		{A522D4D8-EE90-3A04-EE30-AB47D657A0EE}.Release|Any CPU.Build.0 = Release|Any CPU
		{867F8995-B9E0-4371-A0C7-9230D181D5E1}.Debug|Any CPU.ActiveCfg = Debug|Any CPU
		{867F8995-B9E0-4371-A0C7-9230D181D5E1}.Debug|Any CPU.Build.0 = Debug|Any CPU
		{867F8995-B9E0-4371-A0C7-9230D181D5E1}.Release|Any CPU.ActiveCfg = Release|Any CPU
		{867F8995-B9E0-4371-A0C7-9230D181D5E1}.Release|Any CPU.Build.0 = Release|Any CPU
		{E9BC247A-5FBC-447F-86CB-15435ECA8F23}.Debug|Any CPU.ActiveCfg = Debug|Any CPU
		{E9BC247A-5FBC-447F-86CB-15435ECA8F23}.Debug|Any CPU.Build.0 = Debug|Any CPU
		{E9BC247A-5FBC-447F-86CB-15435ECA8F23}.Release|Any CPU.ActiveCfg = Release|Any CPU
		{E9BC247A-5FBC-447F-86CB-15435ECA8F23}.Release|Any CPU.Build.0 = Release|Any CPU
		{868AF947-977F-6E50-AE2C-483C798EBA8B}.Debug|Any CPU.ActiveCfg = Debug|Any CPU
		{868AF947-977F-6E50-AE2C-483C798EBA8B}.Debug|Any CPU.Build.0 = Debug|Any CPU
		{868AF947-977F-6E50-AE2C-483C798EBA8B}.Release|Any CPU.ActiveCfg = Release|Any CPU
		{868AF947-977F-6E50-AE2C-483C798EBA8B}.Release|Any CPU.Build.0 = Release|Any CPU
		{33A73DB0-0DAF-C759-00D9-FA88D27F2CFA}.Debug|Any CPU.ActiveCfg = Debug|Any CPU
		{33A73DB0-0DAF-C759-00D9-FA88D27F2CFA}.Debug|Any CPU.Build.0 = Debug|Any CPU
		{33A73DB0-0DAF-C759-00D9-FA88D27F2CFA}.Release|Any CPU.ActiveCfg = Release|Any CPU
		{33A73DB0-0DAF-C759-00D9-FA88D27F2CFA}.Release|Any CPU.Build.0 = Release|Any CPU
		{34CD232B-37EB-4291-BB63-2C73DAD78A1A}.Debug|Any CPU.ActiveCfg = Debug|Any CPU
		{34CD232B-37EB-4291-BB63-2C73DAD78A1A}.Debug|Any CPU.Build.0 = Debug|Any CPU
		{34CD232B-37EB-4291-BB63-2C73DAD78A1A}.Release|Any CPU.ActiveCfg = Release|Any CPU
		{34CD232B-37EB-4291-BB63-2C73DAD78A1A}.Release|Any CPU.Build.0 = Release|Any CPU
		{4E124590-9FBD-45B1-8A48-EA326319E0B1}.Debug|Any CPU.ActiveCfg = Debug|Any CPU
		{4E124590-9FBD-45B1-8A48-EA326319E0B1}.Debug|Any CPU.Build.0 = Debug|Any CPU
		{4E124590-9FBD-45B1-8A48-EA326319E0B1}.Release|Any CPU.ActiveCfg = Release|Any CPU
		{4E124590-9FBD-45B1-8A48-EA326319E0B1}.Release|Any CPU.Build.0 = Release|Any CPU
		{DCA29551-678A-4150-8572-03B2443DBB14}.Debug|Any CPU.ActiveCfg = Debug|Any CPU
		{DCA29551-678A-4150-8572-03B2443DBB14}.Debug|Any CPU.Build.0 = Debug|Any CPU
		{DCA29551-678A-4150-8572-03B2443DBB14}.Release|Any CPU.ActiveCfg = Release|Any CPU
		{DCA29551-678A-4150-8572-03B2443DBB14}.Release|Any CPU.Build.0 = Release|Any CPU
		{80D7C140-10CA-417D-BAB7-556391AA805A}.Debug|Any CPU.ActiveCfg = Debug|Any CPU
		{80D7C140-10CA-417D-BAB7-556391AA805A}.Debug|Any CPU.Build.0 = Debug|Any CPU
		{80D7C140-10CA-417D-BAB7-556391AA805A}.Release|Any CPU.ActiveCfg = Release|Any CPU
		{80D7C140-10CA-417D-BAB7-556391AA805A}.Release|Any CPU.Build.0 = Release|Any CPU
		{E61E8BEF-563D-4978-A30F-BE1CBB531ED9}.Debug|Any CPU.ActiveCfg = Debug|Any CPU
		{E61E8BEF-563D-4978-A30F-BE1CBB531ED9}.Debug|Any CPU.Build.0 = Debug|Any CPU
		{E61E8BEF-563D-4978-A30F-BE1CBB531ED9}.Release|Any CPU.ActiveCfg = Release|Any CPU
		{E61E8BEF-563D-4978-A30F-BE1CBB531ED9}.Release|Any CPU.Build.0 = Release|Any CPU
		{79F11DE4-05C3-470F-BF99-A8EE6C35F29C}.Debug|Any CPU.ActiveCfg = Debug|Any CPU
		{79F11DE4-05C3-470F-BF99-A8EE6C35F29C}.Debug|Any CPU.Build.0 = Debug|Any CPU
		{79F11DE4-05C3-470F-BF99-A8EE6C35F29C}.Release|Any CPU.ActiveCfg = Release|Any CPU
		{79F11DE4-05C3-470F-BF99-A8EE6C35F29C}.Release|Any CPU.Build.0 = Release|Any CPU
		{887CED8F-0242-4BB0-ABCE-855DC1DDB703}.Debug|Any CPU.ActiveCfg = Debug|Any CPU
		{887CED8F-0242-4BB0-ABCE-855DC1DDB703}.Debug|Any CPU.Build.0 = Debug|Any CPU
		{887CED8F-0242-4BB0-ABCE-855DC1DDB703}.Release|Any CPU.ActiveCfg = Release|Any CPU
		{887CED8F-0242-4BB0-ABCE-855DC1DDB703}.Release|Any CPU.Build.0 = Release|Any CPU
		{F66187B6-E3A5-4FD5-B35E-41B1FF00E690}.Debug|Any CPU.ActiveCfg = Debug|Any CPU
		{F66187B6-E3A5-4FD5-B35E-41B1FF00E690}.Debug|Any CPU.Build.0 = Debug|Any CPU
		{F66187B6-E3A5-4FD5-B35E-41B1FF00E690}.Release|Any CPU.ActiveCfg = Release|Any CPU
		{F66187B6-E3A5-4FD5-B35E-41B1FF00E690}.Release|Any CPU.Build.0 = Release|Any CPU
		{BCC18E96-FF01-4D34-B60B-98E13203319F}.Debug|Any CPU.ActiveCfg = Debug|Any CPU
		{BCC18E96-FF01-4D34-B60B-98E13203319F}.Debug|Any CPU.Build.0 = Debug|Any CPU
		{BCC18E96-FF01-4D34-B60B-98E13203319F}.Release|Any CPU.ActiveCfg = Release|Any CPU
		{BCC18E96-FF01-4D34-B60B-98E13203319F}.Release|Any CPU.Build.0 = Release|Any CPU
		{F5DCF34F-58AC-460F-A9C5-AB6EAE921133}.Debug|Any CPU.ActiveCfg = Debug|Any CPU
		{F5DCF34F-58AC-460F-A9C5-AB6EAE921133}.Debug|Any CPU.Build.0 = Debug|Any CPU
		{F5DCF34F-58AC-460F-A9C5-AB6EAE921133}.Release|Any CPU.ActiveCfg = Release|Any CPU
		{F5DCF34F-58AC-460F-A9C5-AB6EAE921133}.Release|Any CPU.Build.0 = Release|Any CPU
		{91DD1231-3534-4F13-A166-EDE13EF41308}.Debug|Any CPU.ActiveCfg = Debug|Any CPU
		{91DD1231-3534-4F13-A166-EDE13EF41308}.Debug|Any CPU.Build.0 = Debug|Any CPU
		{91DD1231-3534-4F13-A166-EDE13EF41308}.Release|Any CPU.ActiveCfg = Release|Any CPU
		{91DD1231-3534-4F13-A166-EDE13EF41308}.Release|Any CPU.Build.0 = Release|Any CPU
		{07F26551-0896-4060-9A97-D769CCEE5086}.Debug|Any CPU.ActiveCfg = Debug|Any CPU
		{07F26551-0896-4060-9A97-D769CCEE5086}.Debug|Any CPU.Build.0 = Debug|Any CPU
		{07F26551-0896-4060-9A97-D769CCEE5086}.Release|Any CPU.ActiveCfg = Release|Any CPU
		{07F26551-0896-4060-9A97-D769CCEE5086}.Release|Any CPU.Build.0 = Release|Any CPU
		{C438EA28-6D50-4372-B96B-A08C4C769AA7}.Debug|Any CPU.ActiveCfg = Debug|Any CPU
		{C438EA28-6D50-4372-B96B-A08C4C769AA7}.Debug|Any CPU.Build.0 = Debug|Any CPU
		{C438EA28-6D50-4372-B96B-A08C4C769AA7}.Release|Any CPU.ActiveCfg = Release|Any CPU
		{C438EA28-6D50-4372-B96B-A08C4C769AA7}.Release|Any CPU.Build.0 = Release|Any CPU
	EndGlobalSection
	GlobalSection(SolutionProperties) = preSolution
		HideSolutionNode = FALSE
	EndGlobalSection
	GlobalSection(NestedProjects) = preSolution
		{05689A98-0C3F-46B5-B572-3B1C420E9881} = {02EA681E-C7D8-13C7-8484-4AC65E1B71E8}
		{34E670B1-6E86-439E-A01D-C043F8D0D9F3} = {02EA681E-C7D8-13C7-8484-4AC65E1B71E8}
		{416DCC65-0A42-4BC7-862A-1D97F09CD196} = {02EA681E-C7D8-13C7-8484-4AC65E1B71E8}
		{8E1FF29D-BBED-B640-DE36-11122EDAA22A} = {34E670B1-6E86-439E-A01D-C043F8D0D9F3}
		{1598A901-5BE7-A8EA-559E-55F59AF2200D} = {34E670B1-6E86-439E-A01D-C043F8D0D9F3}
		{BD59CF64-93F8-4087-8B43-C0E0C90AAD50} = {416DCC65-0A42-4BC7-862A-1D97F09CD196}
		{50ACC3D3-E6E2-483D-885C-129180014988} = {416DCC65-0A42-4BC7-862A-1D97F09CD196}
		{F27398BB-0F1F-4B93-BF77-B832F6CD9429} = {416DCC65-0A42-4BC7-862A-1D97F09CD196}
		{7DDB64EB-6257-4758-9416-FF98EC4F77A0} = {02EA681E-C7D8-13C7-8484-4AC65E1B71E8}
		{1E7DEC95-0B83-418E-85FE-0252FD449CD0} = {7DDB64EB-6257-4758-9416-FF98EC4F77A0}
		{AFD33B38-9F9F-4CF1-A902-6C1048CAA540} = {7DDB64EB-6257-4758-9416-FF98EC4F77A0}
		{6C3E9AEF-20ED-68DA-207E-6631FE44A3ED} = {7DDB64EB-6257-4758-9416-FF98EC4F77A0}
		{8336F13F-F5BB-4077-A1A8-51E2FB8A8C0B} = {02EA681E-C7D8-13C7-8484-4AC65E1B71E8}
		{1C1503CC-8203-42D3-8DCA-710F29565AF2} = {8336F13F-F5BB-4077-A1A8-51E2FB8A8C0B}
		{24C0BEB3-A11F-4D6A-B49D-469B0EF42262} = {8336F13F-F5BB-4077-A1A8-51E2FB8A8C0B}
		{FB2C2A56-D4A5-43C4-BFD8-2BDE5BFA7E05} = {02EA681E-C7D8-13C7-8484-4AC65E1B71E8}
		{DA0AC902-79B8-4F3A-95FB-EAE538E777BB} = {FB2C2A56-D4A5-43C4-BFD8-2BDE5BFA7E05}
		{6793D320-1573-4A76-9F87-050DFAA3C2E3} = {FB2C2A56-D4A5-43C4-BFD8-2BDE5BFA7E05}
		{9144A02F-6D1B-93D5-5574-E812BD38F329} = {FB2C2A56-D4A5-43C4-BFD8-2BDE5BFA7E05}
		{C0F6F6D7-78A4-488D-8D55-B96532339D57} = {02EA681E-C7D8-13C7-8484-4AC65E1B71E8}
		{0989729B-32FB-40F3-BA9F-3B70460158B7} = {C0F6F6D7-78A4-488D-8D55-B96532339D57}
		{136ADCD3-EE7F-4997-96D0-2D4FDF477143} = {C0F6F6D7-78A4-488D-8D55-B96532339D57}
		{B2617BF5-1652-E14F-45F2-9216489AC577} = {C0F6F6D7-78A4-488D-8D55-B96532339D57}
		{48CCE1B5-B0B0-C95D-09C0-BC2549BCEAC4} = {C0F6F6D7-78A4-488D-8D55-B96532339D57}
		{2FF20B2C-E8F8-4DE9-A151-64FEFA1B58AF} = {02EA681E-C7D8-13C7-8484-4AC65E1B71E8}
		{C844DDC1-63B4-4F84-83F9-CE149E47F959} = {2FF20B2C-E8F8-4DE9-A151-64FEFA1B58AF}
		{FF331635-4BED-461D-AD1F-D9218EE7F0BC} = {2FF20B2C-E8F8-4DE9-A151-64FEFA1B58AF}
		{068D22BD-1ED7-A171-35D8-43B5521A6861} = {2FF20B2C-E8F8-4DE9-A151-64FEFA1B58AF}
		{BF066A5B-7BF9-02E3-3E78-5763803E4226} = {2FF20B2C-E8F8-4DE9-A151-64FEFA1B58AF}
		{A522D4D8-EE90-3A04-EE30-AB47D657A0EE} = {2FF20B2C-E8F8-4DE9-A151-64FEFA1B58AF}
		{88F88565-C39B-4362-81E1-497FF585AF7D} = {02EA681E-C7D8-13C7-8484-4AC65E1B71E8}
		{867F8995-B9E0-4371-A0C7-9230D181D5E1} = {88F88565-C39B-4362-81E1-497FF585AF7D}
		{E9BC247A-5FBC-447F-86CB-15435ECA8F23} = {88F88565-C39B-4362-81E1-497FF585AF7D}
		{868AF947-977F-6E50-AE2C-483C798EBA8B} = {88F88565-C39B-4362-81E1-497FF585AF7D}
		{33A73DB0-0DAF-C759-00D9-FA88D27F2CFA} = {88F88565-C39B-4362-81E1-497FF585AF7D}
		{633838EA-071D-48A8-AA25-FCB6D7EB824F} = {F218A9AA-9738-4754-A567-DA8A7261D2C4}
		{34CD232B-37EB-4291-BB63-2C73DAD78A1A} = {633838EA-071D-48A8-AA25-FCB6D7EB824F}
		{4E124590-9FBD-45B1-8A48-EA326319E0B1} = {633838EA-071D-48A8-AA25-FCB6D7EB824F}
		{57AFB3DE-24A4-49AC-9BCF-ADA5D5E21E6E} = {F218A9AA-9738-4754-A567-DA8A7261D2C4}
		{DCA29551-678A-4150-8572-03B2443DBB14} = {57AFB3DE-24A4-49AC-9BCF-ADA5D5E21E6E}
		{80D7C140-10CA-417D-BAB7-556391AA805A} = {57AFB3DE-24A4-49AC-9BCF-ADA5D5E21E6E}
		{4085C0E8-A364-4C3A-A037-AC6FA473EECB} = {F218A9AA-9738-4754-A567-DA8A7261D2C4}
		{E61E8BEF-563D-4978-A30F-BE1CBB531ED9} = {4085C0E8-A364-4C3A-A037-AC6FA473EECB}
		{79F11DE4-05C3-470F-BF99-A8EE6C35F29C} = {4085C0E8-A364-4C3A-A037-AC6FA473EECB}
		{CDA03315-D35E-458B-ACBA-C398ACFDBA54} = {F218A9AA-9738-4754-A567-DA8A7261D2C4}
		{887CED8F-0242-4BB0-ABCE-855DC1DDB703} = {CDA03315-D35E-458B-ACBA-C398ACFDBA54}
		{F66187B6-E3A5-4FD5-B35E-41B1FF00E690} = {CDA03315-D35E-458B-ACBA-C398ACFDBA54}
		{2B4CDCEA-E114-4BCD-B892-A1C11A56D3D5} = {F218A9AA-9738-4754-A567-DA8A7261D2C4}
		{BCC18E96-FF01-4D34-B60B-98E13203319F} = {2B4CDCEA-E114-4BCD-B892-A1C11A56D3D5}
		{F5DCF34F-58AC-460F-A9C5-AB6EAE921133} = {2B4CDCEA-E114-4BCD-B892-A1C11A56D3D5}
		{91DD1231-3534-4F13-A166-EDE13EF41308} = {2B4CDCEA-E114-4BCD-B892-A1C11A56D3D5}
		{BD35D39D-3556-48B1-B7E9-721D266C9FFE} = {F218A9AA-9738-4754-A567-DA8A7261D2C4}
		{07F26551-0896-4060-9A97-D769CCEE5086} = {BD35D39D-3556-48B1-B7E9-721D266C9FFE}
		{62238631-13FA-4F8E-A441-245B9488B3B2} = {F218A9AA-9738-4754-A567-DA8A7261D2C4}
		{C438EA28-6D50-4372-B96B-A08C4C769AA7} = {62238631-13FA-4F8E-A441-245B9488B3B2}
	EndGlobalSection
	GlobalSection(ExtensibilityGlobals) = postSolution
		SolutionGuid = {34A6478E-A8C5-44FD-8A01-DBD841C6B8EB}
	EndGlobalSection
EndGlobal
